
Microsoft Visual Studio Solution File, Format Version 12.00
# Visual Studio Version 17
VisualStudioVersion = 17.11.35327.3
MinimumVisualStudioVersion = 10.0.40219.1
Project("{9A19103F-16F7-4668-BE54-9A1E7A4F7556}") = "DataAccesLayer", "DataAccesLayer\DataAccesLayer.csproj", "{22DC65EA-602F-4592-9FCE-1A448CDFAD10}"
EndProject
Project("{9A19103F-16F7-4668-BE54-9A1E7A4F7556}") = "BussinessLayer", "BussinessLayer\BussinessLayer.csproj", "{07FC265E-0E92-4DAC-8793-8F530B8999DD}"
EndProject
Project("{FAE04EC0-301F-11D3-BF4B-00C04F79EFBC}") = "PresentationLayer", "PresentationLayer\PresentationLayer.csproj", "{7836F70F-7218-4B23-9F06-531874420C71}"
EndProject
Global
	GlobalSection(SolutionConfigurationPlatforms) = preSolution
		Debug|Any CPU = Debug|Any CPU
		Release|Any CPU = Release|Any CPU
	EndGlobalSection
	GlobalSection(ProjectConfigurationPlatforms) = postSolution
		{22DC65EA-602F-4592-9FCE-1A448CDFAD10}.Debug|Any CPU.ActiveCfg = Debug|Any CPU
		{22DC65EA-602F-4592-9FCE-1A448CDFAD10}.Debug|Any CPU.Build.0 = Debug|Any CPU
		{22DC65EA-602F-4592-9FCE-1A448CDFAD10}.Release|Any CPU.ActiveCfg = Release|Any CPU
		{22DC65EA-602F-4592-9FCE-1A448CDFAD10}.Release|Any CPU.Build.0 = Release|Any CPU
		{07FC265E-0E92-4DAC-8793-8F530B8999DD}.Debug|Any CPU.ActiveCfg = Debug|Any CPU
		{07FC265E-0E92-4DAC-8793-8F530B8999DD}.Debug|Any CPU.Build.0 = Debug|Any CPU
		{07FC265E-0E92-4DAC-8793-8F530B8999DD}.Release|Any CPU.ActiveCfg = Release|Any CPU
		{07FC265E-0E92-4DAC-8793-8F530B8999DD}.Release|Any CPU.Build.0 = Release|Any CPU
		{7836F70F-7218-4B23-9F06-531874420C71}.Debug|Any CPU.ActiveCfg = Debug|Any CPU
		{7836F70F-7218-4B23-9F06-531874420C71}.Debug|Any CPU.Build.0 = Debug|Any CPU
		{7836F70F-7218-4B23-9F06-531874420C71}.Release|Any CPU.ActiveCfg = Release|Any CPU
		{7836F70F-7218-4B23-9F06-531874420C71}.Release|Any CPU.Build.0 = Release|Any CPU
	EndGlobalSection
	GlobalSection(SolutionProperties) = preSolution
		HideSolutionNode = FALSE
	EndGlobalSection
	GlobalSection(ExtensibilityGlobals) = postSolution
		SolutionGuid = {A8745D66-29AC-4A5F-93B2-FB7EEFCF2103}
	EndGlobalSection
EndGlobal
